
Microsoft Visual Studio Solution File, Format Version 12.00
# Visual Studio 15
VisualStudioVersion = 15.0.27130.2024
MinimumVisualStudioVersion = 10.0.40219.1
Project("{FAE04EC0-301F-11D3-BF4B-00C04F79EFBC}") = "DiWinForms", "DiWinForms\DiWinForms.csproj", "{D9529F50-E9DD-4D94-9BA1-72458A854A16}"
EndProject
Project("{D954291E-2A0B-460D-934E-DC6B0785DB48}") = "BaseFormsEtxc", "BaseFormsEtxc\BaseFormsEtxc.shproj", "{E959AF80-2767-410D-AD4D-10C5784532A8}"
EndProject
Global
	GlobalSection(SharedMSBuildProjectFiles) = preSolution
		BaseFormsEtxc\BaseFormsEtxc.projitems*{d9529f50-e9dd-4d94-9ba1-72458a854a16}*SharedItemsImports = 4
		BaseFormsEtxc\BaseFormsEtxc.projitems*{e959af80-2767-410d-ad4d-10c5784532a8}*SharedItemsImports = 13
	EndGlobalSection
	GlobalSection(SolutionConfigurationPlatforms) = preSolution
		Debug|Any CPU = Debug|Any CPU
		Release|Any CPU = Release|Any CPU
	EndGlobalSection
	GlobalSection(ProjectConfigurationPlatforms) = postSolution
		{D9529F50-E9DD-4D94-9BA1-72458A854A16}.Debug|Any CPU.ActiveCfg = Debug|Any CPU
		{D9529F50-E9DD-4D94-9BA1-72458A854A16}.Debug|Any CPU.Build.0 = Debug|Any CPU
		{D9529F50-E9DD-4D94-9BA1-72458A854A16}.Release|Any CPU.ActiveCfg = Release|Any CPU
		{D9529F50-E9DD-4D94-9BA1-72458A854A16}.Release|Any CPU.Build.0 = Release|Any CPU
	EndGlobalSection
	GlobalSection(SolutionProperties) = preSolution
		HideSolutionNode = FALSE
	EndGlobalSection
	GlobalSection(ExtensibilityGlobals) = postSolution
		SolutionGuid = {A6FDE02C-D306-495F-8F10-DB86EF8D0BD9}
	EndGlobalSection
EndGlobal
